
Microsoft Visual Studio Solution File, Format Version 12.00
# Visual Studio Version 17
VisualStudioVersion = 17.7.34031.279
MinimumVisualStudioVersion = 10.0.40219.1
Project("{FAE04EC0-301F-11D3-BF4B-00C04F79EFBC}") = "first", "first\first.csproj", "{F3F1BCAB-7D78-4BED-808C-33BEC503B95D}"
EndProject
Global
	GlobalSection(SolutionConfigurationPlatforms) = preSolution
		Debug|Any CPU = Debug|Any CPU
		Release|Any CPU = Release|Any CPU
	EndGlobalSection
	GlobalSection(ProjectConfigurationPlatforms) = postSolution
		{F3F1BCAB-7D78-4BED-808C-33BEC503B95D}.Debug|Any CPU.ActiveCfg = Debug|Any CPU
		{F3F1BCAB-7D78-4BED-808C-33BEC503B95D}.Debug|Any CPU.Build.0 = Debug|Any CPU
		{F3F1BCAB-7D78-4BED-808C-33BEC503B95D}.Release|Any CPU.ActiveCfg = Release|Any CPU
		{F3F1BCAB-7D78-4BED-808C-33BEC503B95D}.Release|Any CPU.Build.0 = Release|Any CPU
	EndGlobalSection
	GlobalSection(SolutionProperties) = preSolution
		HideSolutionNode = FALSE
	EndGlobalSection
	GlobalSection(ExtensibilityGlobals) = postSolution
		SolutionGuid = {704FEE2E-DB92-4099-8DBD-EFD84A8D3B8D}
	EndGlobalSection
EndGlobal
